
Microsoft Visual Studio Solution File, Format Version 12.00
# Visual Studio Version 16
VisualStudioVersion = 16.0.29613.14
MinimumVisualStudioVersion = 10.0.40219.1
Project("{FAE04EC0-301F-11D3-BF4B-00C04F79EFBC}") = "FluentExcel", "FluentExcel\FluentExcel.csproj", "{9FCC0BAE-37D0-432F-B16F-15A70B8EB585}"
EndProject
Project("{FAE04EC0-301F-11D3-BF4B-00C04F79EFBC}") = "FluentExcel.Samples", "FluentExcel.Samples\FluentExcel.Samples.csproj", "{97C4E0A3-5703-483C-B281-51F2D8D80C86}"
EndProject
Global
	GlobalSection(SolutionConfigurationPlatforms) = preSolution
		Debug|Any CPU = Debug|Any CPU
		Release|Any CPU = Release|Any CPU
	EndGlobalSection
	GlobalSection(ProjectConfigurationPlatforms) = postSolution
		{9FCC0BAE-37D0-432F-B16F-15A70B8EB585}.Debug|Any CPU.ActiveCfg = Debug|Any CPU
		{9FCC0BAE-37D0-432F-B16F-15A70B8EB585}.Debug|Any CPU.Build.0 = Debug|Any CPU
		{9FCC0BAE-37D0-432F-B16F-15A70B8EB585}.Release|Any CPU.ActiveCfg = Release|Any CPU
		{9FCC0BAE-37D0-432F-B16F-15A70B8EB585}.Release|Any CPU.Build.0 = Release|Any CPU
		{97C4E0A3-5703-483C-B281-51F2D8D80C86}.Debug|Any CPU.ActiveCfg = Debug|Any CPU
		{97C4E0A3-5703-483C-B281-51F2D8D80C86}.Debug|Any CPU.Build.0 = Debug|Any CPU
		{97C4E0A3-5703-483C-B281-51F2D8D80C86}.Release|Any CPU.ActiveCfg = Release|Any CPU
		{97C4E0A3-5703-483C-B281-51F2D8D80C86}.Release|Any CPU.Build.0 = Release|Any CPU
	EndGlobalSection
	GlobalSection(SolutionProperties) = preSolution
		HideSolutionNode = FALSE
	EndGlobalSection
	GlobalSection(ExtensibilityGlobals) = postSolution
		SolutionGuid = {EF692220-EE3D-415A-859F-4FD479B452BB}
	EndGlobalSection
EndGlobal
